
Microsoft Visual Studio Solution File, Format Version 12.00
# Visual Studio Version 17
VisualStudioVersion = 17.4.33110.190
MinimumVisualStudioVersion = 10.0.40219.1
Project("{FAE04EC0-301F-11D3-BF4B-00C04F79EFBC}") = "Trax.kkrb", "Trax.kkrb.csproj", "{A924226C-8992-4E61-ADA8-6319233E6D68}"
EndProject
Global
	GlobalSection(SolutionConfigurationPlatforms) = preSolution
		Debug|Any CPU = Debug|Any CPU
		Release|Any CPU = Release|Any CPU
	EndGlobalSection
	GlobalSection(ProjectConfigurationPlatforms) = postSolution
		{A924226C-8992-4E61-ADA8-6319233E6D68}.Debug|Any CPU.ActiveCfg = Debug|Any CPU
		{A924226C-8992-4E61-ADA8-6319233E6D68}.Debug|Any CPU.Build.0 = Debug|Any CPU
		{A924226C-8992-4E61-ADA8-6319233E6D68}.Release|Any CPU.ActiveCfg = Release|Any CPU
		{A924226C-8992-4E61-ADA8-6319233E6D68}.Release|Any CPU.Build.0 = Release|Any CPU
	EndGlobalSection
	GlobalSection(SolutionProperties) = preSolution
		HideSolutionNode = FALSE
	EndGlobalSection
	GlobalSection(ExtensibilityGlobals) = postSolution
		SolutionGuid = {3C6296CE-2098-4D06-91DC-9A328F95E4DC}
	EndGlobalSection
EndGlobal
